
Microsoft Visual Studio Solution File, Format Version 12.00
Project("{FAE04EC0-301F-11D3-BF4B-00C04F79EFBC}") = "InstaReels", "InstaReels\InstaReels.csproj", "{D047FE6A-63DD-4EE4-BB96-8BBB7D71ED3B}"
EndProject
Global
	GlobalSection(SolutionConfigurationPlatforms) = preSolution
		Debug|Any CPU = Debug|Any CPU
		Release|Any CPU = Release|Any CPU
	EndGlobalSection
	GlobalSection(ProjectConfigurationPlatforms) = postSolution
		{D047FE6A-63DD-4EE4-BB96-8BBB7D71ED3B}.Debug|Any CPU.ActiveCfg = Debug|Any CPU
		{D047FE6A-63DD-4EE4-BB96-8BBB7D71ED3B}.Debug|Any CPU.Build.0 = Debug|Any CPU
		{D047FE6A-63DD-4EE4-BB96-8BBB7D71ED3B}.Release|Any CPU.ActiveCfg = Release|Any CPU
		{D047FE6A-63DD-4EE4-BB96-8BBB7D71ED3B}.Release|Any CPU.Build.0 = Release|Any CPU
	EndGlobalSection
EndGlobal
